{
    "_meta": {
        "hash": {
            "sha256": "ce58c30911f1132754c8311fe8132debe3e9ae854db352e5a957c51ede53c7c0"
        },
        "pipfile-spec": 6,
        "requires": {
            "python_full_version": "3.11.0",
            "python_version": "3.11"
        },
        "sources": [
            {
                "name": "pypi",
                "url": "https://pypi.org/simple",
                "verify_ssl": true
            }
        ]
    },
    "default": {
        "asgiref": {
            "hashes": [
                "sha256:1d2880b792ae8757289136f1db2b7b99100ce959b2aa57fd69dab783d05afac4",
                "sha256:4a29362a6acebe09bf1d6640db38c1dc3d9217c68e6f9f6204d72667fc19a424"
            ],
            "markers": "python_version >= '3.7'",
            "version": "==3.5.2"
        },
        "beautifulsoup4": {
            "hashes": [
                "sha256:58d5c3d29f5a36ffeb94f02f0d786cd53014cf9b3b3951d42e0080d8a9498d30",
                "sha256:ad9aa55b65ef2808eb405f46cf74df7fcb7044d5cbc26487f96eb2ef2e436693"
            ],
            "index": "pypi",
            "version": "==4.11.1"
        },
        "certifi": {
            "hashes": [
                "sha256:0d9c601124e5a6ba9712dbc60d9c53c21e34f5f641fe83002317394311bdce14",
                "sha256:90c1a32f1d68f940488354e36370f6cca89f0f106db09518524c88d6ed83f382"
            ],
            "markers": "python_version >= '3.6'",
            "version": "==2022.9.24"
        },
        "charset-normalizer": {
            "hashes": [
                "sha256:5a3d016c7c547f69d6f81fb0db9449ce888b418b5b9952cc5e6e66843e9dd845",
                "sha256:83e9a75d1911279afd89352c68b45348559d1fc0506b054b346651b5e7fee29f"
            ],
            "markers": "python_full_version >= '3.6.0'",
            "version": "==2.1.1"
        },
        "django": {
            "hashes": [
                "sha256:678bbfc8604eb246ed54e2063f0765f13b321a50526bdc8cb1f943eda7fa31f1",
                "sha256:6b1de6886cae14c7c44d188f580f8ba8da05750f544c80ae5ad43375ab293cd5"
            ],
            "index": "pypi",
            "version": "==4.1.3"
        },
        "django-appconf": {
            "hashes": [
                "sha256:ae9f864ee1958c815a965ed63b3fba4874eec13de10236ba063a788f9a17389d",
                "sha256:be3db0be6c81fa84742000b89a81c016d70ae66a7ccb620cdef592b1f1a6aaa4"
            ],
            "markers": "python_version >= '3.6'",
            "version": "==1.0.5"
        },
        "django-compressor": {
            "hashes": [
                "sha256:61f313852b4c8d4ef2534cda3d2366f45ca3e399b3cbe10590e516cc6b45542d",
                "sha256:8ece621d2a98f6c6635480cb8b3701db890a99f793f95ca20cb00abc194d331d"
            ],
            "index": "pypi",
            "version": "==4.1"
        },
        "django-constance": {
            "extras": [
                "database"
            ],
            "hashes": [
                "sha256:4c6a96a5f2cbce1bc3fa41aa20566b6ee26fbd896c9f91f996518a3a0904f6c8",
                "sha256:bf0b392efa18a1f3f464eddb7eb36ac5c02598354a5e31d0d4ce4fc8b535694b"
            ],
            "index": "pypi",
            "markers": null,
            "version": "==2.9.1"
        },
        "django-extensions": {
            "hashes": [
                "sha256:2a4f4d757be2563cd1ff7cfdf2e57468f5f931cc88b23cf82ca75717aae504a4",
                "sha256:421464be390289513f86cb5e18eb43e5dc1de8b4c27ba9faa3b91261b0d67e09"
            ],
            "index": "pypi",
            "version": "==3.2.1"
        },
        "django-picklefield": {
            "hashes": [
                "sha256:c786cbeda78d6def2b43bff4840d19787809c8909f7ad683961703060398d356",
                "sha256:d77c504df7311e8ec14e8b779f10ca6fec74de6c7f8e2c136e1ef60cf955125d"
            ],
            "version": "==3.1"
        },
        "django-sass-processor": {
            "hashes": [
                "sha256:d5e2970228ec9648da83d083a2b468fa682bef80357d0bab8e3f6c6df301681e",
                "sha256:f6098c181cc95a21593df6bb502791e32015615222803de216fdcc8bb42c0f77"
            ],
            "index": "pypi",
            "version": "==1.2.2"
        },
        "h11": {
            "hashes": [
                "sha256:8f19fbbe99e72420ff35c00b27a34cb9937e902a8b810e2c88300c6f0a3b699d",
                "sha256:e3fe4ac4b851c468cc8363d500db52c2ead036020723024a109d37346efaa761"
            ],
            "markers": "python_version >= '3.7'",
            "version": "==0.14.0"
        },
        "h2": {
            "hashes": [
                "sha256:03a46bcf682256c95b5fd9e9a99c1323584c3eec6440d379b9903d709476bc6d",
                "sha256:a83aca08fbe7aacb79fec788c9c0bac936343560ed9ec18b82a13a12c28d2abb"
            ],
            "markers": "python_full_version >= '3.6.1'",
            "version": "==4.1.0"
        },
        "hpack": {
            "hashes": [
                "sha256:84a076fad3dc9a9f8063ccb8041ef100867b1878b25ef0ee63847a5d53818a6c",
                "sha256:fc41de0c63e687ebffde81187a948221294896f6bdc0ae2312708df339430095"
            ],
            "markers": "python_full_version >= '3.6.1'",
            "version": "==4.0.0"
        },
        "hypercorn": {
            "hashes": [
                "sha256:4a87a0b7bbe9dc75fab06dbe4b301b9b90416e9866c23a377df21a969d6ab8dd",
                "sha256:7c491d5184f28ee960dcdc14ab45d14633ca79d72ddd13cf4fcb4cb854d679ab"
            ],
            "index": "pypi",
            "version": "==0.14.3"
        },
        "hyperframe": {
            "hashes": [
                "sha256:0ec6bafd80d8ad2195c4f03aacba3a8265e57bc4cff261e802bf39970ed02a15",
                "sha256:ae510046231dc8e9ecb1a6586f63d2347bf4c8905914aa84ba585ae85f28a914"
            ],
            "markers": "python_full_version >= '3.6.1'",
            "version": "==6.0.1"
        },
        "idna": {
            "hashes": [
                "sha256:814f528e8dead7d329833b91c5faa87d60bf71824cd12a7530b5526063d02cb4",
                "sha256:90b77e79eaa3eba6de819a0c442c0b4ceefc341a7a2ab77d7562bf49f425c5c2"
            ],
            "markers": "python_version >= '3.5'",
            "version": "==3.4"
        },
        "libsass": {
            "hashes": [
                "sha256:081e256ab3c5f3f09c7b8dea3bf3bf5e64a97c6995fd9eea880639b3f93a9f9a",
                "sha256:3ab5ad18e47db560f4f0c09e3d28cf3bb1a44711257488ac2adad69f4f7f8425",
                "sha256:65455a2728b696b62100eb5932604aa13a29f4ac9a305d95773c14aaa7200aaf",
                "sha256:89c5ce497fcf3aba1dd1b19aae93b99f68257e5f2026b731b00a872f13324c7f",
                "sha256:f1efc1b612299c88aec9e39d6ca0c266d360daa5b19d9430bdeaffffa86993f9"
            ],
            "index": "pypi",
            "version": "==0.22.0"
        },
        "priority": {
            "hashes": [
                "sha256:6f8eefce5f3ad59baf2c080a664037bb4725cd0a790d53d59ab4059288faf6aa",
                "sha256:c965d54f1b8d0d0b19479db3924c7c36cf672dbf2aec92d43fbdaf4492ba18c0"
            ],
            "markers": "python_full_version >= '3.6.1'",
            "version": "==2.0.0"
        },
        "rcssmin": {
            "hashes": [
                "sha256:0a6aae7e119509445bf7aa6da6ca0f285cc198273c20f470ad999ff83bbadcf9",
                "sha256:1512223b6a687bb747e4e531187bd49a56ed71287e7ead9529cbaa1ca4718a0a",
                "sha256:1d7c2719d014e4e4df4e33b75ae8067c7e246cf470eaec8585e06e2efac7586c",
                "sha256:2211a5c91ea14a5937b57904c9121f8bfef20987825e55368143da7d25446e3b",
                "sha256:27fc400627fd3d328b7fe95af2a01f5d0af6b5af39731af5d071826a1f08e362",
                "sha256:30f5522285065cae0164d20068377d84b5d10b414156115f8729b034d0ea5e8b",
                "sha256:32ccaebbbd4d56eab08cf26aed36f5d33389b9d1d3ca1fecf53eb6ab77760ddf",
                "sha256:352dd3a78eb914bb1cb269ac2b66b3154f2490a52ab605558c681de3fb5194d2",
                "sha256:37f1242e34ca273ed2c26cf778854e18dd11b31c6bfca60e23fce146c84667c1",
                "sha256:49807735f26f59404194f1e6f93254b6d5b6f7748c2a954f4470a86a40ff4c13",
                "sha256:506e33ab4c47051f7deae35b6d8dbb4a5c025f016e90a830929a1ecc7daa1682",
                "sha256:6158d0d86cd611c5304d738dc3d6cfeb23864dd78ad0d83a633f443696ac5d77",
                "sha256:7085d1b51dd2556f3aae03947380f6e9e1da29fb1eeadfa6766b7f105c54c9ff",
                "sha256:7c44002b79f3656348196005b9522ec5e04f182b466f66d72b16be0bd03c13d8",
                "sha256:7da63fee37edf204bbd86785edb4d7491642adbfd1d36fd230b7ccbbd8db1a6f",
                "sha256:8b659a88850e772c84cfac4520ec223de6807875e173d8ef3248ab7f90876066",
                "sha256:c28b9eb20982b45ebe6adef8bd2547e5ed314dafddfff4eba806b0f8c166cfd1",
                "sha256:ddff3a41611664c7f1d9e3d8a9c1669e0e155ac0458e586ffa834dc5953e7d9f",
                "sha256:f1a37bbd36b050813673e62ae6464467548628690bf4d48a938170e121e8616e",
                "sha256:f31c82d06ba2dbf33c20db9550157e80bb0c4cbd24575c098f0831d1d2e3c5df"
            ],
            "version": "==1.1.0"
        },
        "requests": {
            "hashes": [
                "sha256:7c5599b102feddaa661c826c56ab4fee28bfd17f5abca1ebbe3e7f19d7c97983",
                "sha256:8fefa2a1a1365bf5520aac41836fbee479da67864514bdb821f31ce07ce65349"
            ],
            "index": "pypi",
            "version": "==2.28.1"
        },
        "rjsmin": {
            "hashes": [
                "sha256:05efa485dfddb6418e3b86d8862463aa15641a61f6ae05e7e6de8f116ee77c69",
                "sha256:1622fbb6c6a8daaf77da13cc83356539bfe79c1440f9664b02c7f7b150b9a18e",
                "sha256:1c93b29fd725e61718299ffe57de93ff32d71b313eaabbfcc7bd32ddb82831d5",
                "sha256:2ed83aca637186bafdc894b4b7fc3657e2d74014ccca7d3d69122c1e82675216",
                "sha256:38a4474ed52e1575fb9da983ec8657faecd8ab3738508d36e04f87769411fd3d",
                "sha256:3b14f4c2933ec194eb816b71a0854ce461b6419a3d852bf360344731ab28c0a6",
                "sha256:40e7211a25d9a11ac9ff50446e41268c978555676828af86fa1866615823bfff",
                "sha256:41c7c3910f7b8816e37366b293e576ddecf696c5f2197d53cf2c1526ac336646",
                "sha256:4387a00777faddf853eebdece9f2e56ebaf243c3f24676a9de6a20c5d4f3d731",
                "sha256:54fc30519365841b27556ccc1cb94c5b4413c384ff6d467442fddba66e2e325a",
                "sha256:6c395ffc130332cca744f081ed5efd5699038dcb7a5d30c3ff4bc6adb5b30a62",
                "sha256:6c529feb6c400984452494c52dd9fdf59185afeacca2afc5174a28ab37751a1b",
                "sha256:86c4da7285ddafe6888cb262da563570f28e4a31146b5164a7a6947b1222196b",
                "sha256:8944a8a55ac825b8e5ec29f341ecb7574697691ef416506885898d2f780fb4ca",
                "sha256:993935654c1311280e69665367d7e6ff694ac9e1609168cf51cae8c0307df0db",
                "sha256:99e5597a812b60058baa1457387dc79cca7d273b2a700dc98bfd20d43d60711d",
                "sha256:b6a7c8c8d19e154334f640954e43e57283e87bb4a2f6e23295db14eea8e9fc1d",
                "sha256:c81229ffe5b0a0d5b3b5d5e6d0431f182572de9e9a077e85dbae5757db0ab75c",
                "sha256:d63e193a2f932a786ae82068aa76d1d126fcdff8582094caff9e5e66c4dcc124",
                "sha256:e18fe1a610fb105273bb369f61c2b0bd9e66a3f0792e27e4cac44e42ace1968b"
            ],
            "version": "==1.2.0"
        },
        "soupsieve": {
            "hashes": [
                "sha256:3b2503d3c7084a42b1ebd08116e5f81aadfaea95863628c80a3b774a11b7c759",
                "sha256:fc53893b3da2c33de295667a0e19f078c14bf86544af307354de5fcf12a3f30d"
            ],
            "markers": "python_version >= '3.6'",
            "version": "==2.3.2.post1"
        },
        "sqlparse": {
            "hashes": [
                "sha256:0323c0ec29cd52bceabc1b4d9d579e311f3e4961b98d174201d5622a23b85e34",
                "sha256:69ca804846bb114d2ec380e4360a8a340db83f0ccf3afceeb1404df028f57268"
            ],
            "markers": "python_version >= '3.5'",
            "version": "==0.4.3"
        },
        "toml": {
            "hashes": [
                "sha256:806143ae5bfb6a3c6e736a764057db0e6a0e05e338b5630894a5f779cabb4f9b",
                "sha256:b3bda1d108d5dd99f4a20d24d9c348e91c4db7ab1b749200bded2f839ccbe68f"
            ],
            "markers": "python_version >= '2.6' and python_version not in '3.0, 3.1, 3.2, 3.3'",
            "version": "==0.10.2"
        },
        "tzdata": {
            "hashes": [
                "sha256:04a680bdc5b15750c39c12a448885a51134a27ec9af83667663f0b3a1bf3f342",
                "sha256:91f11db4503385928c15598c98573e3af07e7229181bee5375bd30f1695ddcae"
            ],
            "markers": "sys_platform == 'win32'",
            "version": "==2022.6"
        },
        "urllib3": {
            "hashes": [
                "sha256:3fa96cf423e6987997fc326ae8df396db2a8b7c667747d47ddd8ecba91f4a74e",
                "sha256:b930dd878d5a8afb066a637fbb35144fe7901e3b209d1cd4f524bd0e9deee997"
            ],
            "index": "pypi",
            "version": "==1.26.12"
        },
        "wsproto": {
            "hashes": [
                "sha256:ad565f26ecb92588a3e43bc3d96164de84cd9902482b130d0ddbaa9664a85065",
                "sha256:b9acddd652b585d75b20477888c56642fdade28bdfd3579aa24a4d2c037dd736"
            ],
            "markers": "python_full_version >= '3.7.0'",
            "version": "==1.2.0"
        }
    },
    "develop": {}
}
